<?xml version="1.0" encoding="utf-8"?>
<Project ToolsVersion="4.0" xmlns="http://schemas.microsoft.com/developer/msbuild/2003">
  <ItemGroup>
    <Filter Include="Main Game">
      <UniqueIdentifier>{fffb2837-b42d-42b2-a8e4-6e1dc288c32d}</UniqueIdentifier>
    </Filter>
    <Filter Include="UI">
      <UniqueIdentifier>{2d6fd904-5aa9-44b2-adb4-6514cab8452e}</UniqueIdentifier>
    </Filter>
    <Filter Include="Game">
      <UniqueIdentifier>{51186e72-8637-4c94-88e6-d92ef20b6787}</UniqueIdentifier>
    </Filter>
    <Filter Include="Helpers">
      <UniqueIdentifier>{5b8357cd-5513-4b47-a30a-8ca27bf4b8aa}</UniqueIdentifier>
    </Filter>
    <Filter Include="Renderer">
      <UniqueIdentifier>{d230d3e3-6b1d-4c57-a9df-ad405ac12b94}</UniqueIdentifier>
    </Filter>
    <Filter Include="Configuration">
      <UniqueIdentifier>{19c2cc06-d2b2-4e31-b6bb-67f42a317388}</UniqueIdentifier>
    </Filter>
    <Filter Include="UI\game menu">
      <UniqueIdentifier>{0654b593-ac85-4499-bd21-ba9e2bf310ef}</UniqueIdentifier>
    </Filter>
    <Filter Include="UI\settings menu">
      <UniqueIdentifier>{ccaf320f-7ad3-4899-9332-d2a0e4f5b5ad}</UniqueIdentifier>
    </Filter>
  </ItemGroup>
  <ItemGroup>
    <ClCompile Include="Main.cpp">
      <Filter>Main Game</Filter>
    </ClCompile>
    <ClCompile Include="Math_Vector2D.cpp">
      <Filter>Helpers</Filter>
    </ClCompile>
    <ClCompile Include="Game.cpp">
      <Filter>Game</Filter>
    </ClCompile>
    <ClCompile Include="gameMenu.cpp">
      <Filter>UI\game menu</Filter>
    </ClCompile>
    <ClCompile Include="settingsMenu.cpp">
      <Filter>UI\settings menu</Filter>
    </ClCompile>
    <ClCompile Include="Settings.cpp">
      <Filter>Configuration</Filter>
    </ClCompile>
  </ItemGroup>
  <ItemGroup>
    <ClInclude Include="Game.h">
      <Filter>Game</Filter>
    </ClInclude>
    <ClInclude Include="Math_Vector2D.h">
      <Filter>Helpers</Filter>
    </ClInclude>
    <ClInclude Include="Settings.h">
      <Filter>Configuration</Filter>
    </ClInclude>
    <ClInclude Include="gameMenu.h">
      <Filter>UI\game menu</Filter>
    </ClInclude>
    <ClInclude Include="settingsMenu.h">
      <Filter>UI\settings menu</Filter>
    </ClInclude>
  </ItemGroup>
</Project>